
Microsoft Visual Studio Solution File, Format Version 12.00
# Visual Studio Version 16
VisualStudioVersion = 16.0.30413.136
MinimumVisualStudioVersion = 15.0.26124.0
Project("{9A19103F-16F7-4668-BE54-9A1E7A4F7556}") = "XiansInitiatives.API", "XiansInitiatives.API\XiansInitiatives.API.csproj", "{28E3751F-EC86-40DB-9A9B-CA5E31B0C600}"
EndProject
Project("{9A19103F-16F7-4668-BE54-9A1E7A4F7556}") = "XiansInitiatives.Data", "XiansInitiatives.Data\XiansInitiatives.Data.csproj", "{AA32D3E2-4A33-4F0B-99B9-30DB1EB1B5C5}"
EndProject
Project("{9A19103F-16F7-4668-BE54-9A1E7A4F7556}") = "XiansInitiatives.Shared", "XiansInitiatives.Shared\XiansInitiatives.Shared.csproj", "{79C99071-C4E4-416D-9A27-04BF618C398A}"
EndProject
Project("{9A19103F-16F7-4668-BE54-9A1E7A4F7556}") = "XiansInitiatives.DataContract", "XiansInitiatives.DataContract\XiansInitiatives.DataContract.csproj", "{A7F01A7F-3E4B-4F11-9DEC-AACEE304B30D}"
EndProject
Project("{9A19103F-16F7-4668-BE54-9A1E7A4F7556}") = "XiansInitiatives.Service", "XiansInitiatives.Service\XiansInitiatives.Service.csproj", "{26AA03B2-C25C-41F2-80E4-3BE52986147F}"
EndProject
Project("{9A19103F-16F7-4668-BE54-9A1E7A4F7556}") = "XiansInitiatives.ServiceContract", "XiansInitiatives.ServiceContract\XiansInitiatives.ServiceContract.csproj", "{0ADE0B44-A4BD-4AFD-9CA2-7FECC0E6CDCB}"
EndProject
Project("{2150E333-8FDC-42A3-9474-1A3956D46DE8}") = "001.Web", "001.Web", "{65CDDFA5-6911-4CBB-926C-91571E53EEC3}"
EndProject
Project("{2150E333-8FDC-42A3-9474-1A3956D46DE8}") = "005.Service", "005.Service", "{983C33EB-4CEF-4027-9976-ACB823C2630B}"
EndProject
Project("{2150E333-8FDC-42A3-9474-1A3956D46DE8}") = "010.Data", "010.Data", "{26B06163-A43B-43A6-9D5A-A0580F5CBE9B}"
EndProject
Project("{2150E333-8FDC-42A3-9474-1A3956D46DE8}") = "015.Shared", "015.Shared", "{AFA1CC63-0054-4C54-9649-87B20B5FBFA5}"
EndProject
Project("{2150E333-8FDC-42A3-9474-1A3956D46DE8}") = "020.Tests", "020.Tests", "{02ABA4CE-D783-490E-BA1C-3FFD1B6A78D6}"
EndProject
Project("{9A19103F-16F7-4668-BE54-9A1E7A4F7556}") = "XiansInitiatives.Tests", "XiansInitiatives.Tests\XiansInitiatives.Tests.csproj", "{32D5266E-7CA7-4B3D-AC47-4851054BF636}"
EndProject
Project("{FAE04EC0-301F-11D3-BF4B-00C04F79EFBC}") = "XiansInitiative.Configuration.Accessor", "XiansInitiative.Configuration.Accesser\XiansInitiative.Configuration.Accessor.csproj", "{23EB87C0-6214-433E-B5C6-B76927CFA697}"
EndProject
Project("{FAE04EC0-301F-11D3-BF4B-00C04F79EFBC}") = "XiansInitiatives.Templetes", "XiansInitiatives.Templetes\XiansInitiatives.Templetes.csproj", "{1DBDC76E-91C5-40C8-9476-3FEE6EB10691}"
EndProject
Global
	GlobalSection(SolutionConfigurationPlatforms) = preSolution
		Debug|Any CPU = Debug|Any CPU
		Debug|x64 = Debug|x64
		Debug|x86 = Debug|x86
		Release|Any CPU = Release|Any CPU
		Release|x64 = Release|x64
		Release|x86 = Release|x86
	EndGlobalSection
	GlobalSection(ProjectConfigurationPlatforms) = postSolution
		{28E3751F-EC86-40DB-9A9B-CA5E31B0C600}.Debug|Any CPU.ActiveCfg = Debug|Any CPU
		{28E3751F-EC86-40DB-9A9B-CA5E31B0C600}.Debug|Any CPU.Build.0 = Debug|Any CPU
		{28E3751F-EC86-40DB-9A9B-CA5E31B0C600}.Debug|x64.ActiveCfg = Debug|Any CPU
		{28E3751F-EC86-40DB-9A9B-CA5E31B0C600}.Debug|x64.Build.0 = Debug|Any CPU
		{28E3751F-EC86-40DB-9A9B-CA5E31B0C600}.Debug|x86.ActiveCfg = Debug|Any CPU
		{28E3751F-EC86-40DB-9A9B-CA5E31B0C600}.Debug|x86.Build.0 = Debug|Any CPU
		{28E3751F-EC86-40DB-9A9B-CA5E31B0C600}.Release|Any CPU.ActiveCfg = Release|Any CPU
		{28E3751F-EC86-40DB-9A9B-CA5E31B0C600}.Release|Any CPU.Build.0 = Release|Any CPU
		{28E3751F-EC86-40DB-9A9B-CA5E31B0C600}.Release|x64.ActiveCfg = Release|Any CPU
		{28E3751F-EC86-40DB-9A9B-CA5E31B0C600}.Release|x64.Build.0 = Release|Any CPU
		{28E3751F-EC86-40DB-9A9B-CA5E31B0C600}.Release|x86.ActiveCfg = Release|Any CPU
		{28E3751F-EC86-40DB-9A9B-CA5E31B0C600}.Release|x86.Build.0 = Release|Any CPU
		{AA32D3E2-4A33-4F0B-99B9-30DB1EB1B5C5}.Debug|Any CPU.ActiveCfg = Debug|Any CPU
		{AA32D3E2-4A33-4F0B-99B9-30DB1EB1B5C5}.Debug|Any CPU.Build.0 = Debug|Any CPU
		{AA32D3E2-4A33-4F0B-99B9-30DB1EB1B5C5}.Debug|x64.ActiveCfg = Debug|Any CPU
		{AA32D3E2-4A33-4F0B-99B9-30DB1EB1B5C5}.Debug|x64.Build.0 = Debug|Any CPU
		{AA32D3E2-4A33-4F0B-99B9-30DB1EB1B5C5}.Debug|x86.ActiveCfg = Debug|Any CPU
		{AA32D3E2-4A33-4F0B-99B9-30DB1EB1B5C5}.Debug|x86.Build.0 = Debug|Any CPU
		{AA32D3E2-4A33-4F0B-99B9-30DB1EB1B5C5}.Release|Any CPU.ActiveCfg = Release|Any CPU
		{AA32D3E2-4A33-4F0B-99B9-30DB1EB1B5C5}.Release|Any CPU.Build.0 = Release|Any CPU
		{AA32D3E2-4A33-4F0B-99B9-30DB1EB1B5C5}.Release|x64.ActiveCfg = Release|Any CPU
		{AA32D3E2-4A33-4F0B-99B9-30DB1EB1B5C5}.Release|x64.Build.0 = Release|Any CPU
		{AA32D3E2-4A33-4F0B-99B9-30DB1EB1B5C5}.Release|x86.ActiveCfg = Release|Any CPU
		{AA32D3E2-4A33-4F0B-99B9-30DB1EB1B5C5}.Release|x86.Build.0 = Release|Any CPU
		{79C99071-C4E4-416D-9A27-04BF618C398A}.Debug|Any CPU.ActiveCfg = Debug|Any CPU
		{79C99071-C4E4-416D-9A27-04BF618C398A}.Debug|Any CPU.Build.0 = Debug|Any CPU
		{79C99071-C4E4-416D-9A27-04BF618C398A}.Debug|x64.ActiveCfg = Debug|Any CPU
		{79C99071-C4E4-416D-9A27-04BF618C398A}.Debug|x64.Build.0 = Debug|Any CPU
		{79C99071-C4E4-416D-9A27-04BF618C398A}.Debug|x86.ActiveCfg = Debug|Any CPU
		{79C99071-C4E4-416D-9A27-04BF618C398A}.Debug|x86.Build.0 = Debug|Any CPU
		{79C99071-C4E4-416D-9A27-04BF618C398A}.Release|Any CPU.ActiveCfg = Release|Any CPU
		{79C99071-C4E4-416D-9A27-04BF618C398A}.Release|Any CPU.Build.0 = Release|Any CPU
		{79C99071-C4E4-416D-9A27-04BF618C398A}.Release|x64.ActiveCfg = Release|Any CPU
		{79C99071-C4E4-416D-9A27-04BF618C398A}.Release|x64.Build.0 = Release|Any CPU
		{79C99071-C4E4-416D-9A27-04BF618C398A}.Release|x86.ActiveCfg = Release|Any CPU
		{79C99071-C4E4-416D-9A27-04BF618C398A}.Release|x86.Build.0 = Release|Any CPU
		{A7F01A7F-3E4B-4F11-9DEC-AACEE304B30D}.Debug|Any CPU.ActiveCfg = Debug|Any CPU
		{A7F01A7F-3E4B-4F11-9DEC-AACEE304B30D}.Debug|Any CPU.Build.0 = Debug|Any CPU
		{A7F01A7F-3E4B-4F11-9DEC-AACEE304B30D}.Debug|x64.ActiveCfg = Debug|Any CPU
		{A7F01A7F-3E4B-4F11-9DEC-AACEE304B30D}.Debug|x64.Build.0 = Debug|Any CPU
		{A7F01A7F-3E4B-4F11-9DEC-AACEE304B30D}.Debug|x86.ActiveCfg = Debug|Any CPU
		{A7F01A7F-3E4B-4F11-9DEC-AACEE304B30D}.Debug|x86.Build.0 = Debug|Any CPU
		{A7F01A7F-3E4B-4F11-9DEC-AACEE304B30D}.Release|Any CPU.ActiveCfg = Release|Any CPU
		{A7F01A7F-3E4B-4F11-9DEC-AACEE304B30D}.Release|Any CPU.Build.0 = Release|Any CPU
		{A7F01A7F-3E4B-4F11-9DEC-AACEE304B30D}.Release|x64.ActiveCfg = Release|Any CPU
		{A7F01A7F-3E4B-4F11-9DEC-AACEE304B30D}.Release|x64.Build.0 = Release|Any CPU
		{A7F01A7F-3E4B-4F11-9DEC-AACEE304B30D}.Release|x86.ActiveCfg = Release|Any CPU
		{A7F01A7F-3E4B-4F11-9DEC-AACEE304B30D}.Release|x86.Build.0 = Release|Any CPU
		{26AA03B2-C25C-41F2-80E4-3BE52986147F}.Debug|Any CPU.ActiveCfg = Debug|Any CPU
		{26AA03B2-C25C-41F2-80E4-3BE52986147F}.Debug|Any CPU.Build.0 = Debug|Any CPU
		{26AA03B2-C25C-41F2-80E4-3BE52986147F}.Debug|x64.ActiveCfg = Debug|Any CPU
		{26AA03B2-C25C-41F2-80E4-3BE52986147F}.Debug|x64.Build.0 = Debug|Any CPU
		{26AA03B2-C25C-41F2-80E4-3BE52986147F}.Debug|x86.ActiveCfg = Debug|Any CPU
		{26AA03B2-C25C-41F2-80E4-3BE52986147F}.Debug|x86.Build.0 = Debug|Any CPU
		{26AA03B2-C25C-41F2-80E4-3BE52986147F}.Release|Any CPU.ActiveCfg = Release|Any CPU
		{26AA03B2-C25C-41F2-80E4-3BE52986147F}.Release|Any CPU.Build.0 = Release|Any CPU
		{26AA03B2-C25C-41F2-80E4-3BE52986147F}.Release|x64.ActiveCfg = Release|Any CPU
		{26AA03B2-C25C-41F2-80E4-3BE52986147F}.Release|x64.Build.0 = Release|Any CPU
		{26AA03B2-C25C-41F2-80E4-3BE52986147F}.Release|x86.ActiveCfg = Release|Any CPU
		{26AA03B2-C25C-41F2-80E4-3BE52986147F}.Release|x86.Build.0 = Release|Any CPU
		{0ADE0B44-A4BD-4AFD-9CA2-7FECC0E6CDCB}.Debug|Any CPU.ActiveCfg = Debug|Any CPU
		{0ADE0B44-A4BD-4AFD-9CA2-7FECC0E6CDCB}.Debug|Any CPU.Build.0 = Debug|Any CPU
		{0ADE0B44-A4BD-4AFD-9CA2-7FECC0E6CDCB}.Debug|x64.ActiveCfg = Debug|Any CPU
		{0ADE0B44-A4BD-4AFD-9CA2-7FECC0E6CDCB}.Debug|x64.Build.0 = Debug|Any CPU
		{0ADE0B44-A4BD-4AFD-9CA2-7FECC0E6CDCB}.Debug|x86.ActiveCfg = Debug|Any CPU
		{0ADE0B44-A4BD-4AFD-9CA2-7FECC0E6CDCB}.Debug|x86.Build.0 = Debug|Any CPU
		{0ADE0B44-A4BD-4AFD-9CA2-7FECC0E6CDCB}.Release|Any CPU.ActiveCfg = Release|Any CPU
		{0ADE0B44-A4BD-4AFD-9CA2-7FECC0E6CDCB}.Release|Any CPU.Build.0 = Release|Any CPU
		{0ADE0B44-A4BD-4AFD-9CA2-7FECC0E6CDCB}.Release|x64.ActiveCfg = Release|Any CPU
		{0ADE0B44-A4BD-4AFD-9CA2-7FECC0E6CDCB}.Release|x64.Build.0 = Release|Any CPU
		{0ADE0B44-A4BD-4AFD-9CA2-7FECC0E6CDCB}.Release|x86.ActiveCfg = Release|Any CPU
		{0ADE0B44-A4BD-4AFD-9CA2-7FECC0E6CDCB}.Release|x86.Build.0 = Release|Any CPU
		{32D5266E-7CA7-4B3D-AC47-4851054BF636}.Debug|Any CPU.ActiveCfg = Debug|Any CPU
		{32D5266E-7CA7-4B3D-AC47-4851054BF636}.Debug|Any CPU.Build.0 = Debug|Any CPU
		{32D5266E-7CA7-4B3D-AC47-4851054BF636}.Debug|x64.ActiveCfg = Debug|Any CPU
		{32D5266E-7CA7-4B3D-AC47-4851054BF636}.Debug|x64.Build.0 = Debug|Any CPU
		{32D5266E-7CA7-4B3D-AC47-4851054BF636}.Debug|x86.ActiveCfg = Debug|Any CPU
		{32D5266E-7CA7-4B3D-AC47-4851054BF636}.Debug|x86.Build.0 = Debug|Any CPU
		{32D5266E-7CA7-4B3D-AC47-4851054BF636}.Release|Any CPU.ActiveCfg = Release|Any CPU
		{32D5266E-7CA7-4B3D-AC47-4851054BF636}.Release|Any CPU.Build.0 = Release|Any CPU
		{32D5266E-7CA7-4B3D-AC47-4851054BF636}.Release|x64.ActiveCfg = Release|Any CPU
		{32D5266E-7CA7-4B3D-AC47-4851054BF636}.Release|x64.Build.0 = Release|Any CPU
		{32D5266E-7CA7-4B3D-AC47-4851054BF636}.Release|x86.ActiveCfg = Release|Any CPU
		{32D5266E-7CA7-4B3D-AC47-4851054BF636}.Release|x86.Build.0 = Release|Any CPU
		{23EB87C0-6214-433E-B5C6-B76927CFA697}.Debug|Any CPU.ActiveCfg = Debug|Any CPU
		{23EB87C0-6214-433E-B5C6-B76927CFA697}.Debug|Any CPU.Build.0 = Debug|Any CPU
		{23EB87C0-6214-433E-B5C6-B76927CFA697}.Debug|x64.ActiveCfg = Debug|Any CPU
		{23EB87C0-6214-433E-B5C6-B76927CFA697}.Debug|x64.Build.0 = Debug|Any CPU
		{23EB87C0-6214-433E-B5C6-B76927CFA697}.Debug|x86.ActiveCfg = Debug|Any CPU
		{23EB87C0-6214-433E-B5C6-B76927CFA697}.Debug|x86.Build.0 = Debug|Any CPU
		{23EB87C0-6214-433E-B5C6-B76927CFA697}.Release|Any CPU.ActiveCfg = Release|Any CPU
		{23EB87C0-6214-433E-B5C6-B76927CFA697}.Release|Any CPU.Build.0 = Release|Any CPU
		{23EB87C0-6214-433E-B5C6-B76927CFA697}.Release|x64.ActiveCfg = Release|Any CPU
		{23EB87C0-6214-433E-B5C6-B76927CFA697}.Release|x64.Build.0 = Release|Any CPU
		{23EB87C0-6214-433E-B5C6-B76927CFA697}.Release|x86.ActiveCfg = Release|Any CPU
		{23EB87C0-6214-433E-B5C6-B76927CFA697}.Release|x86.Build.0 = Release|Any CPU
		{1DBDC76E-91C5-40C8-9476-3FEE6EB10691}.Debug|Any CPU.ActiveCfg = Debug|Any CPU
		{1DBDC76E-91C5-40C8-9476-3FEE6EB10691}.Debug|Any CPU.Build.0 = Debug|Any CPU
		{1DBDC76E-91C5-40C8-9476-3FEE6EB10691}.Debug|x64.ActiveCfg = Debug|Any CPU
		{1DBDC76E-91C5-40C8-9476-3FEE6EB10691}.Debug|x64.Build.0 = Debug|Any CPU
		{1DBDC76E-91C5-40C8-9476-3FEE6EB10691}.Debug|x86.ActiveCfg = Debug|Any CPU
		{1DBDC76E-91C5-40C8-9476-3FEE6EB10691}.Debug|x86.Build.0 = Debug|Any CPU
		{1DBDC76E-91C5-40C8-9476-3FEE6EB10691}.Release|Any CPU.ActiveCfg = Release|Any CPU
		{1DBDC76E-91C5-40C8-9476-3FEE6EB10691}.Release|Any CPU.Build.0 = Release|Any CPU
		{1DBDC76E-91C5-40C8-9476-3FEE6EB10691}.Release|x64.ActiveCfg = Release|Any CPU
		{1DBDC76E-91C5-40C8-9476-3FEE6EB10691}.Release|x64.Build.0 = Release|Any CPU
		{1DBDC76E-91C5-40C8-9476-3FEE6EB10691}.Release|x86.ActiveCfg = Release|Any CPU
		{1DBDC76E-91C5-40C8-9476-3FEE6EB10691}.Release|x86.Build.0 = Release|Any CPU
	EndGlobalSection
	GlobalSection(SolutionProperties) = preSolution
		HideSolutionNode = FALSE
	EndGlobalSection
	GlobalSection(NestedProjects) = preSolution
		{28E3751F-EC86-40DB-9A9B-CA5E31B0C600} = {65CDDFA5-6911-4CBB-926C-91571E53EEC3}
		{AA32D3E2-4A33-4F0B-99B9-30DB1EB1B5C5} = {26B06163-A43B-43A6-9D5A-A0580F5CBE9B}
		{79C99071-C4E4-416D-9A27-04BF618C398A} = {AFA1CC63-0054-4C54-9649-87B20B5FBFA5}
		{A7F01A7F-3E4B-4F11-9DEC-AACEE304B30D} = {26B06163-A43B-43A6-9D5A-A0580F5CBE9B}
		{26AA03B2-C25C-41F2-80E4-3BE52986147F} = {983C33EB-4CEF-4027-9976-ACB823C2630B}
		{0ADE0B44-A4BD-4AFD-9CA2-7FECC0E6CDCB} = {983C33EB-4CEF-4027-9976-ACB823C2630B}
		{32D5266E-7CA7-4B3D-AC47-4851054BF636} = {02ABA4CE-D783-490E-BA1C-3FFD1B6A78D6}
		{23EB87C0-6214-433E-B5C6-B76927CFA697} = {AFA1CC63-0054-4C54-9649-87B20B5FBFA5}
		{1DBDC76E-91C5-40C8-9476-3FEE6EB10691} = {AFA1CC63-0054-4C54-9649-87B20B5FBFA5}
	EndGlobalSection
	GlobalSection(ExtensibilityGlobals) = postSolution
		SolutionGuid = {AA09B900-396D-4DA8-9835-8C61AE5CF51F}
	EndGlobalSection
EndGlobal
